
Microsoft Visual Studio Solution File, Format Version 12.00
# Visual Studio 2017
Project("{FAE04EC0-301F-11D3-BF4B-00C04F79EFBC}") = "HearthStoneDemo_HeroAttack", "HearthStoneDemo_HeroAttack.csproj", "{38844767-E705-7C11-DD6F-5E6DC73D9BFD}"
EndProject
Global
	GlobalSection(SolutionConfigurationPlatforms) = preSolution
		Debug|Any CPU = Debug|Any CPU
		Release|Any CPU = Release|Any CPU
	EndGlobalSection
	GlobalSection(ProjectConfigurationPlatforms) = postSolution
		{38844767-E705-7C11-DD6F-5E6DC73D9BFD}.Debug|Any CPU.ActiveCfg = Debug|Any CPU
		{38844767-E705-7C11-DD6F-5E6DC73D9BFD}.Debug|Any CPU.Build.0 = Debug|Any CPU
		{38844767-E705-7C11-DD6F-5E6DC73D9BFD}.Release|Any CPU.ActiveCfg = Release|Any CPU
		{38844767-E705-7C11-DD6F-5E6DC73D9BFD}.Release|Any CPU.Build.0 = Release|Any CPU
	EndGlobalSection
	GlobalSection(SolutionProperties) = preSolution
		HideSolutionNode = FALSE
	EndGlobalSection
EndGlobal
